
Microsoft Visual Studio Solution File, Format Version 12.00
# Visual Studio Version 17
VisualStudioVersion = 17.14.36414.22 d17.14
MinimumVisualStudioVersion = 10.0.40219.1
Project("{FAE04EC0-301F-11D3-BF4B-00C04F79EFBC}") = "ICT272_Project", "ICT272_Project\ICT272_Project.csproj", "{166550D8-35F5-43B7-8E15-DF162AE44B88}"
EndProject
Global
	GlobalSection(SolutionConfigurationPlatforms) = preSolution
		Debug|Any CPU = Debug|Any CPU
		Release|Any CPU = Release|Any CPU
	EndGlobalSection
	GlobalSection(ProjectConfigurationPlatforms) = postSolution
		{166550D8-35F5-43B7-8E15-DF162AE44B88}.Debug|Any CPU.ActiveCfg = Debug|Any CPU
		{166550D8-35F5-43B7-8E15-DF162AE44B88}.Debug|Any CPU.Build.0 = Debug|Any CPU
		{166550D8-35F5-43B7-8E15-DF162AE44B88}.Release|Any CPU.ActiveCfg = Release|Any CPU
		{166550D8-35F5-43B7-8E15-DF162AE44B88}.Release|Any CPU.Build.0 = Release|Any CPU
	EndGlobalSection
	GlobalSection(SolutionProperties) = preSolution
		HideSolutionNode = FALSE
	EndGlobalSection
	GlobalSection(ExtensibilityGlobals) = postSolution
		SolutionGuid = {E6A33379-0D13-4B9F-B659-470BF5CF7D92}
	EndGlobalSection
EndGlobal
